
Microsoft Visual Studio Solution File, Format Version 12.00
# Visual Studio Version 17
VisualStudioVersion = 17.2.32505.173
MinimumVisualStudioVersion = 10.0.40219.1
Project("{9A19103F-16F7-4668-BE54-9A1E7A4F7556}") = "DATN.Api", "DATN\DATN.Api.csproj", "{ACB1AA90-2D0B-476E-A8D5-91B4DC9C793E}"
EndProject
Project("{FAE04EC0-301F-11D3-BF4B-00C04F79EFBC}") = "DATN.Infastructure", "DATN.Infastructure\DATN.Infastructure.csproj", "{0C024A31-E2D5-42EF-B087-BFA845AC503B}"
EndProject
Project("{FAE04EC0-301F-11D3-BF4B-00C04F79EFBC}") = "DATN.Core", "DATN.Core\DATN.Core.csproj", "{504B7712-DEDA-4832-B5FD-FE161BC8199C}"
EndProject
Project("{FAE04EC0-301F-11D3-BF4B-00C04F79EFBC}") = "DATN.Application", "DATN.Application\DATN.Application.csproj", "{8C8C43BE-B68F-4E36-80B9-72DB01279BF5}"
EndProject
Global
	GlobalSection(SolutionConfigurationPlatforms) = preSolution
		Debug|Any CPU = Debug|Any CPU
		Release|Any CPU = Release|Any CPU
	EndGlobalSection
	GlobalSection(ProjectConfigurationPlatforms) = postSolution
		{ACB1AA90-2D0B-476E-A8D5-91B4DC9C793E}.Debug|Any CPU.ActiveCfg = Debug|Any CPU
		{ACB1AA90-2D0B-476E-A8D5-91B4DC9C793E}.Debug|Any CPU.Build.0 = Debug|Any CPU
		{ACB1AA90-2D0B-476E-A8D5-91B4DC9C793E}.Release|Any CPU.ActiveCfg = Release|Any CPU
		{ACB1AA90-2D0B-476E-A8D5-91B4DC9C793E}.Release|Any CPU.Build.0 = Release|Any CPU
		{0C024A31-E2D5-42EF-B087-BFA845AC503B}.Debug|Any CPU.ActiveCfg = Debug|Any CPU
		{0C024A31-E2D5-42EF-B087-BFA845AC503B}.Debug|Any CPU.Build.0 = Debug|Any CPU
		{0C024A31-E2D5-42EF-B087-BFA845AC503B}.Release|Any CPU.ActiveCfg = Release|Any CPU
		{0C024A31-E2D5-42EF-B087-BFA845AC503B}.Release|Any CPU.Build.0 = Release|Any CPU
		{504B7712-DEDA-4832-B5FD-FE161BC8199C}.Debug|Any CPU.ActiveCfg = Debug|Any CPU
		{504B7712-DEDA-4832-B5FD-FE161BC8199C}.Debug|Any CPU.Build.0 = Debug|Any CPU
		{504B7712-DEDA-4832-B5FD-FE161BC8199C}.Release|Any CPU.ActiveCfg = Release|Any CPU
		{504B7712-DEDA-4832-B5FD-FE161BC8199C}.Release|Any CPU.Build.0 = Release|Any CPU
		{8C8C43BE-B68F-4E36-80B9-72DB01279BF5}.Debug|Any CPU.ActiveCfg = Debug|Any CPU
		{8C8C43BE-B68F-4E36-80B9-72DB01279BF5}.Debug|Any CPU.Build.0 = Debug|Any CPU
		{8C8C43BE-B68F-4E36-80B9-72DB01279BF5}.Release|Any CPU.ActiveCfg = Release|Any CPU
		{8C8C43BE-B68F-4E36-80B9-72DB01279BF5}.Release|Any CPU.Build.0 = Release|Any CPU
	EndGlobalSection
	GlobalSection(SolutionProperties) = preSolution
		HideSolutionNode = FALSE
	EndGlobalSection
	GlobalSection(ExtensibilityGlobals) = postSolution
		SolutionGuid = {C8416519-B59A-492F-86EC-877F55F34963}
	EndGlobalSection
EndGlobal
